
Microsoft Visual Studio Solution File, Format Version 12.00
# Visual Studio 15
VisualStudioVersion = 15.0.26124.0
MinimumVisualStudioVersion = 15.0.26124.0
Project("{FAE04EC0-301F-11D3-BF4B-00C04F79EFBC}") = "ReportRepair", "ReportRepair\ReportRepair.csproj", "{C3E38816-254D-4847-8C28-6D92EE1738DA}"
EndProject
Project("{FAE04EC0-301F-11D3-BF4B-00C04F79EFBC}") = "ReportRepair.Tests", "ReportRepair.Tests\ReportRepair.Tests.csproj", "{BB0B6919-71E9-46E9-86D6-23675B70B06E}"
EndProject
Global
	GlobalSection(SolutionConfigurationPlatforms) = preSolution
		Debug|Any CPU = Debug|Any CPU
		Debug|x64 = Debug|x64
		Debug|x86 = Debug|x86
		Release|Any CPU = Release|Any CPU
		Release|x64 = Release|x64
		Release|x86 = Release|x86
	EndGlobalSection
	GlobalSection(SolutionProperties) = preSolution
		HideSolutionNode = FALSE
	EndGlobalSection
	GlobalSection(ProjectConfigurationPlatforms) = postSolution
		{C3E38816-254D-4847-8C28-6D92EE1738DA}.Debug|Any CPU.ActiveCfg = Debug|Any CPU
		{C3E38816-254D-4847-8C28-6D92EE1738DA}.Debug|Any CPU.Build.0 = Debug|Any CPU
		{C3E38816-254D-4847-8C28-6D92EE1738DA}.Debug|x64.ActiveCfg = Debug|Any CPU
		{C3E38816-254D-4847-8C28-6D92EE1738DA}.Debug|x64.Build.0 = Debug|Any CPU
		{C3E38816-254D-4847-8C28-6D92EE1738DA}.Debug|x86.ActiveCfg = Debug|Any CPU
		{C3E38816-254D-4847-8C28-6D92EE1738DA}.Debug|x86.Build.0 = Debug|Any CPU
		{C3E38816-254D-4847-8C28-6D92EE1738DA}.Release|Any CPU.ActiveCfg = Release|Any CPU
		{C3E38816-254D-4847-8C28-6D92EE1738DA}.Release|Any CPU.Build.0 = Release|Any CPU
		{C3E38816-254D-4847-8C28-6D92EE1738DA}.Release|x64.ActiveCfg = Release|Any CPU
		{C3E38816-254D-4847-8C28-6D92EE1738DA}.Release|x64.Build.0 = Release|Any CPU
		{C3E38816-254D-4847-8C28-6D92EE1738DA}.Release|x86.ActiveCfg = Release|Any CPU
		{C3E38816-254D-4847-8C28-6D92EE1738DA}.Release|x86.Build.0 = Release|Any CPU
		{BB0B6919-71E9-46E9-86D6-23675B70B06E}.Debug|Any CPU.ActiveCfg = Debug|Any CPU
		{BB0B6919-71E9-46E9-86D6-23675B70B06E}.Debug|Any CPU.Build.0 = Debug|Any CPU
		{BB0B6919-71E9-46E9-86D6-23675B70B06E}.Debug|x64.ActiveCfg = Debug|Any CPU
		{BB0B6919-71E9-46E9-86D6-23675B70B06E}.Debug|x64.Build.0 = Debug|Any CPU
		{BB0B6919-71E9-46E9-86D6-23675B70B06E}.Debug|x86.ActiveCfg = Debug|Any CPU
		{BB0B6919-71E9-46E9-86D6-23675B70B06E}.Debug|x86.Build.0 = Debug|Any CPU
		{BB0B6919-71E9-46E9-86D6-23675B70B06E}.Release|Any CPU.ActiveCfg = Release|Any CPU
		{BB0B6919-71E9-46E9-86D6-23675B70B06E}.Release|Any CPU.Build.0 = Release|Any CPU
		{BB0B6919-71E9-46E9-86D6-23675B70B06E}.Release|x64.ActiveCfg = Release|Any CPU
		{BB0B6919-71E9-46E9-86D6-23675B70B06E}.Release|x64.Build.0 = Release|Any CPU
		{BB0B6919-71E9-46E9-86D6-23675B70B06E}.Release|x86.ActiveCfg = Release|Any CPU
		{BB0B6919-71E9-46E9-86D6-23675B70B06E}.Release|x86.Build.0 = Release|Any CPU
	EndGlobalSection
EndGlobal
